
Microsoft Visual Studio Solution File, Format Version 11.00
# Visual Studio 2010
Project("{FAE04EC0-301F-11D3-BF4B-00C04F79EFBC}") = "Assembly-CSharp", "Assembly-CSharp.csproj", "{12A9DFA6-96C8-BF59-BAE1-C9C110DD8C3E}"
EndProject
Project("{FAE04EC0-301F-11D3-BF4B-00C04F79EFBC}") = "Assembly-CSharp-Editor", "Assembly-CSharp-Editor.csproj", "{81CA90E2-7D0A-E551-8CCC-9888611BBA77}"
EndProject
Project("{FAE04EC0-301F-11D3-BF4B-00C04F79EFBC}") = "CustomToolbar.Editor", "CustomToolbar.Editor.csproj", "{595538A8-D8B7-C03F-DAFA-A1E021AE3EC7}"
EndProject
Global
	GlobalSection(SolutionConfigurationPlatforms) = preSolution
		Debug|Any CPU = Debug|Any CPU
		Release|Any CPU = Release|Any CPU
	EndGlobalSection
	GlobalSection(ProjectConfigurationPlatforms) = postSolution
		{12A9DFA6-96C8-BF59-BAE1-C9C110DD8C3E}.Debug|Any CPU.ActiveCfg = Debug|Any CPU
		{12A9DFA6-96C8-BF59-BAE1-C9C110DD8C3E}.Debug|Any CPU.Build.0 = Debug|Any CPU
		{12A9DFA6-96C8-BF59-BAE1-C9C110DD8C3E}.Release|Any CPU.ActiveCfg = Release|Any CPU
		{12A9DFA6-96C8-BF59-BAE1-C9C110DD8C3E}.Release|Any CPU.Build.0 = Release|Any CPU
		{81CA90E2-7D0A-E551-8CCC-9888611BBA77}.Debug|Any CPU.ActiveCfg = Debug|Any CPU
		{81CA90E2-7D0A-E551-8CCC-9888611BBA77}.Debug|Any CPU.Build.0 = Debug|Any CPU
		{81CA90E2-7D0A-E551-8CCC-9888611BBA77}.Release|Any CPU.ActiveCfg = Release|Any CPU
		{81CA90E2-7D0A-E551-8CCC-9888611BBA77}.Release|Any CPU.Build.0 = Release|Any CPU
		{595538A8-D8B7-C03F-DAFA-A1E021AE3EC7}.Debug|Any CPU.ActiveCfg = Debug|Any CPU
		{595538A8-D8B7-C03F-DAFA-A1E021AE3EC7}.Debug|Any CPU.Build.0 = Debug|Any CPU
		{595538A8-D8B7-C03F-DAFA-A1E021AE3EC7}.Release|Any CPU.ActiveCfg = Release|Any CPU
		{595538A8-D8B7-C03F-DAFA-A1E021AE3EC7}.Release|Any CPU.Build.0 = Release|Any CPU
	EndGlobalSection
	GlobalSection(SolutionProperties) = preSolution
		HideSolutionNode = FALSE
	EndGlobalSection
EndGlobal
